// !$*UTF8*$!
{
	archiveVersion = 1;
	classes = {
	};
	objectVersion = 46;
	objects = {

/* Begin PBXBuildFile section */
		11304FA81D7247E500860DDE /* FriendsViewController.swift in Sources */ = {isa = PBXBuildFile; fileRef = 11304FA71D7247E500860DDE /* FriendsViewController.swift */; };
		11304FAA1D72481600860DDE /* Friend.swift in Sources */ = {isa = PBXBuildFile; fileRef = 11304FA91D72481600860DDE /* Friend.swift */; };
		11304FAC1D72486100860DDE /* SampleData.swift in Sources */ = {isa = PBXBuildFile; fileRef = 11304FAB1D72486100860DDE /* SampleData.swift */; };
		11304FAE1D724B6F00860DDE /* FriendCell.swift in Sources */ = {isa = PBXBuildFile; fileRef = 11304FAD1D724B6F00860DDE /* FriendCell.swift */; };
		11304FB01D724E4300860DDE /* FriendDetailsViewController.swift in Sources */ = {isa = PBXBuildFile; fileRef = 11304FAF1D724E4300860DDE /* FriendDetailsViewController.swift */; };
		11304FB41D736FD000860DDE /* RelationPickerViewController.swift in Sources */ = {isa = PBXBuildFile; fileRef = 11304FB31D736FD000860DDE /* RelationPickerViewController.swift */; };
		11AEB8711D715269004EC1ED /* AppDelegate.swift in Sources */ = {isa = PBXBuildFile; fileRef = 11AEB8701D715269004EC1ED /* AppDelegate.swift */; };
		11AEB8731D715269004EC1ED /* ViewController.swift in Sources */ = {isa = PBXBuildFile; fileRef = 11AEB8721D715269004EC1ED /* ViewController.swift */; };
		11AEB8761D715269004EC1ED /* Main.storyboard in Resources */ = {isa = PBXBuildFile; fileRef = 11AEB8741D715269004EC1ED /* Main.storyboard */; };
		11AEB8781D715269004EC1ED /* Assets.xcassets in Resources */ = {isa = PBXBuildFile; fileRef = 11AEB8771D715269004EC1ED /* Assets.xcassets */; };
		11AEB87B1D715269004EC1ED /* LaunchScreen.storyboard in Resources */ = {isa = PBXBuildFile; fileRef = 11AEB8791D715269004EC1ED /* LaunchScreen.storyboard */; };
		11AEB8861D71526A004EC1ED /* FriendsTests.swift in Sources */ = {isa = PBXBuildFile; fileRef = 11AEB8851D71526A004EC1ED /* FriendsTests.swift */; };
		11AEB8911D71526A004EC1ED /* FriendsUITests.swift in Sources */ = {isa = PBXBuildFile; fileRef = 11AEB8901D71526A004EC1ED /* FriendsUITests.swift */; };
/* End PBXBuildFile section */

/* Begin PBXContainerItemProxy section */
		11AEB8821D71526A004EC1ED /* PBXContainerItemProxy */ = {
			isa = PBXContainerItemProxy;
			containerPortal = 11AEB8651D715269004EC1ED /* Project object */;
			proxyType = 1;
			remoteGlobalIDString = 11AEB86C1D715269004EC1ED;
			remoteInfo = Friends;
		};
		11AEB88D1D71526A004EC1ED /* PBXContainerItemProxy */ = {
			isa = PBXContainerItemProxy;
			containerPortal = 11AEB8651D715269004EC1ED /* Project object */;
			proxyType = 1;
			remoteGlobalIDString = 11AEB86C1D715269004EC1ED;
			remoteInfo = Friends;
		};
/* End PBXContainerItemProxy section */

/* Begin PBXFileReference section */
		11304FA71D7247E500860DDE /* FriendsViewController.swift */ = {isa = PBXFileReference; fileEncoding = 4; lastKnownFileType = sourcecode.swift; path = FriendsViewController.swift; sourceTree = SOURCE_ROOT; };
		11304FA91D72481600860DDE /* Friend.swift */ = {isa = PBXFileReference; fileEncoding = 4; lastKnownFileType = sourcecode.swift; name = Friend.swift; path = ../Friend.swift; sourceTree = "<group>"; };
		11304FAB1D72486100860DDE /* SampleData.swift */ = {isa = PBXFileReference; fileEncoding = 4; lastKnownFileType = sourcecode.swift; name = SampleData.swift; path = ../SampleData.swift; sourceTree = "<group>"; };
		11304FAD1D724B6F00860DDE /* FriendCell.swift */ = {isa = PBXFileReference; fileEncoding = 4; lastKnownFileType = sourcecode.swift; name = FriendCell.swift; path = ../FriendCell.swift; sourceTree = "<group>"; };
		11304FAF1D724E4300860DDE /* FriendDetailsViewController.swift */ = {isa = PBXFileReference; fileEncoding = 4; lastKnownFileType = sourcecode.swift; name = FriendDetailsViewController.swift; path = ../FriendDetailsViewController.swift; sourceTree = "<group>"; };
		11304FB31D736FD000860DDE /* RelationPickerViewController.swift */ = {isa = PBXFileReference; fileEncoding = 4; lastKnownFileType = sourcecode.swift; name = RelationPickerViewController.swift; path = ../RelationPickerViewController.swift; sourceTree = "<group>"; };
		11AEB86D1D715269004EC1ED /* Friends.app */ = {isa = PBXFileReference; explicitFileType = wrapper.application; includeInIndex = 0; path = Friends.app; sourceTree = BUILT_PRODUCTS_DIR; };
		11AEB8701D715269004EC1ED /* AppDelegate.swift */ = {isa = PBXFileReference; lastKnownFileType = sourcecode.swift; path = AppDelegate.swift; sourceTree = "<group>"; };
		11AEB8721D715269004EC1ED /* ViewController.swift */ = {isa = PBXFileReference; lastKnownFileType = sourcecode.swift; path = ViewController.swift; sourceTree = "<group>"; };
		11AEB8751D715269004EC1ED /* Base */ = {isa = PBXFileReference; lastKnownFileType = file.storyboard; name = Base; path = Base.lproj/Main.storyboard; sourceTree = "<group>"; };
		11AEB8771D715269004EC1ED /* Assets.xcassets */ = {isa = PBXFileReference; lastKnownFileType = folder.assetcatalog; path = Assets.xcassets; sourceTree = "<group>"; };
		11AEB87A1D715269004EC1ED /* Base */ = {isa = PBXFileReference; lastKnownFileType = file.storyboard; name = Base; path = Base.lproj/LaunchScreen.storyboard; sourceTree = "<group>"; };
		11AEB87C1D715269004EC1ED /* Info.plist */ = {isa = PBXFileReference; lastKnownFileType = text.plist.xml; path = Info.plist; sourceTree = "<group>"; };
		11AEB8811D71526A004EC1ED /* FriendsTests.xctest */ = {isa = PBXFileReference; explicitFileType = wrapper.cfbundle; includeInIndex = 0; path = FriendsTests.xctest; sourceTree = BUILT_PRODUCTS_DIR; };
		11AEB8851D71526A004EC1ED /* FriendsTests.swift */ = {isa = PBXFileReference; lastKnownFileType = sourcecode.swift; path = FriendsTests.swift; sourceTree = "<group>"; };
		11AEB8871D71526A004EC1ED /* Info.plist */ = {isa = PBXFileReference; lastKnownFileType = text.plist.xml; path = Info.plist; sourceTree = "<group>"; };
		11AEB88C1D71526A004EC1ED /* FriendsUITests.xctest */ = {isa = PBXFileReference; explicitFileType = wrapper.cfbundle; includeInIndex = 0; path = FriendsUITests.xctest; sourceTree = BUILT_PRODUCTS_DIR; };
		11AEB8901D71526A004EC1ED /* FriendsUITests.swift */ = {isa = PBXFileReference; lastKnownFileType = sourcecode.swift; path = FriendsUITests.swift; sourceTree = "<group>"; };
		11AEB8921D71526A004EC1ED /* Info.plist */ = {isa = PBXFileReference; lastKnownFileType = text.plist.xml; path = Info.plist; sourceTree = "<group>"; };
/* End PBXFileReference section */

/* Begin PBXFrameworksBuildPhase section */
		11AEB86A1D715269004EC1ED /* Frameworks */ = {
			isa = PBXFrameworksBuildPhase;
			buildActionMask = 2147483647;
			files = (
			);
			runOnlyForDeploymentPostprocessing = 0;
		};
		11AEB87E1D71526A004EC1ED /* Frameworks */ = {
			isa = PBXFrameworksBuildPhase;
			buildActionMask = 2147483647;
			files = (
			);
			runOnlyForDeploymentPostprocessing = 0;
		};
		11AEB8891D71526A004EC1ED /* Frameworks */ = {
			isa = PBXFrameworksBuildPhase;
			buildActionMask = 2147483647;
			files = (
			);
			runOnlyForDeploymentPostprocessing = 0;
		};
/* End PBXFrameworksBuildPhase section */

/* Begin PBXGroup section */
		11AEB8641D715269004EC1ED = {
			isa = PBXGroup;
			children = (
				11AEB86F1D715269004EC1ED /* Friends */,
				11AEB8841D71526A004EC1ED /* FriendsTests */,
				11AEB88F1D71526A004EC1ED /* FriendsUITests */,
				11AEB86E1D715269004EC1ED /* Products */,
			);
			sourceTree = "<group>";
		};
		11AEB86E1D715269004EC1ED /* Products */ = {
			isa = PBXGroup;
			children = (
				11AEB86D1D715269004EC1ED /* Friends.app */,
				11AEB8811D71526A004EC1ED /* FriendsTests.xctest */,
				11AEB88C1D71526A004EC1ED /* FriendsUITests.xctest */,
			);
			name = Products;
			sourceTree = "<group>";
		};
		11AEB86F1D715269004EC1ED /* Friends */ = {
			isa = PBXGroup;
			children = (
				11304FB31D736FD000860DDE /* RelationPickerViewController.swift */,
				11304FAF1D724E4300860DDE /* FriendDetailsViewController.swift */,
				11304FAD1D724B6F00860DDE /* FriendCell.swift */,
				11304FAB1D72486100860DDE /* SampleData.swift */,
				11304FA91D72481600860DDE /* Friend.swift */,
				11304FA71D7247E500860DDE /* FriendsViewController.swift */,
				11AEB8701D715269004EC1ED /* AppDelegate.swift */,
				11AEB8721D715269004EC1ED /* ViewController.swift */,
				11AEB8741D715269004EC1ED /* Main.storyboard */,
				11AEB8771D715269004EC1ED /* Assets.xcassets */,
				11AEB8791D715269004EC1ED /* LaunchScreen.storyboard */,
				11AEB87C1D715269004EC1ED /* Info.plist */,
			);
			path = Friends;
			sourceTree = "<group>";
		};
		11AEB8841D71526A004EC1ED /* FriendsTests */ = {
			isa = PBXGroup;
			children = (
				11AEB8851D71526A004EC1ED /* FriendsTests.swift */,
				11AEB8871D71526A004EC1ED /* Info.plist */,
			);
			path = FriendsTests;
			sourceTree = "<group>";
		};
		11AEB88F1D71526A004EC1ED /* FriendsUITests */ = {
			isa = PBXGroup;
			children = (
				11AEB8901D71526A004EC1ED /* FriendsUITests.swift */,
				11AEB8921D71526A004EC1ED /* Info.plist */,
			);
			path = FriendsUITests;
			sourceTree = "<group>";
		};
/* End PBXGroup section */

/* Begin PBXNativeTarget section */
		11AEB86C1D715269004EC1ED /* Friends */ = {
			isa = PBXNativeTarget;
			buildConfigurationList = 11AEB8951D71526A004EC1ED /* Build configuration list for PBXNativeTarget "Friends" */;
			buildPhases = (
				11AEB8691D715269004EC1ED /* Sources */,
				11AEB86A1D715269004EC1ED /* Frameworks */,
				11AEB86B1D715269004EC1ED /* Resources */,
			);
			buildRules = (
			);
			dependencies = (
			);
			name = Friends;
			productName = Friends;
			productReference = 11AEB86D1D715269004EC1ED /* Friends.app */;
			productType = "com.apple.product-type.application";
		};
		11AEB8801D71526A004EC1ED /* FriendsTests */ = {
			isa = PBXNativeTarget;
			buildConfigurationList = 11AEB8981D71526A004EC1ED /* Build configuration list for PBXNativeTarget "FriendsTests" */;
			buildPhases = (
				11AEB87D1D71526A004EC1ED /* Sources */,
				11AEB87E1D71526A004EC1ED /* Frameworks */,
				11AEB87F1D71526A004EC1ED /* Resources */,
			);
			buildRules = (
			);
			dependencies = (
				11AEB8831D71526A004EC1ED /* PBXTargetDependency */,
			);
			name = FriendsTests;
			productName = FriendsTests;
			productReference = 11AEB8811D71526A004EC1ED /* FriendsTests.xctest */;
			productType = "com.apple.product-type.bundle.unit-test";
		};
		11AEB88B1D71526A004EC1ED /* FriendsUITests */ = {
			isa = PBXNativeTarget;
			buildConfigurationList = 11AEB89B1D71526A004EC1ED /* Build configuration list for PBXNativeTarget "FriendsUITests" */;
			buildPhases = (
				11AEB8881D71526A004EC1ED /* Sources */,
				11AEB8891D71526A004EC1ED /* Frameworks */,
				11AEB88A1D71526A004EC1ED /* Resources */,
			);
			buildRules = (
			);
			dependencies = (
				11AEB88E1D71526A004EC1ED /* PBXTargetDependency */,
			);
			name = FriendsUITests;
			productName = FriendsUITests;
			productReference = 11AEB88C1D71526A004EC1ED /* FriendsUITests.xctest */;
			productType = "com.apple.product-type.bundle.ui-testing";
		};
/* End PBXNativeTarget section */

/* Begin PBXProject section */
		11AEB8651D715269004EC1ED /* Project object */ = {
			isa = PBXProject;
			attributes = {
				LastSwiftUpdateCheck = 0730;
				LastUpgradeCheck = 0730;
				ORGANIZATIONNAME = "Nikita Ashok";
				TargetAttributes = {
					11AEB86C1D715269004EC1ED = {
						CreatedOnToolsVersion = 7.3.1;
					};
					11AEB8801D71526A004EC1ED = {
						CreatedOnToolsVersion = 7.3.1;
						TestTargetID = 11AEB86C1D715269004EC1ED;
					};
					11AEB88B1D71526A004EC1ED = {
						CreatedOnToolsVersion = 7.3.1;
						TestTargetID = 11AEB86C1D715269004EC1ED;
					};
				};
			};
			buildConfigurationList = 11AEB8681D715269004EC1ED /* Build configuration list for PBXProject "Friend" */;
			compatibilityVersion = "Xcode 3.2";
			developmentRegion = English;
			hasScannedForEncodings = 0;
			knownRegions = (
				en,
				Base,
			);
			mainGroup = 11AEB8641D715269004EC1ED;
			productRefGroup = 11AEB86E1D715269004EC1ED /* Products */;
			projectDirPath = "";
			projectRoot = "";
			targets = (
				11AEB86C1D715269004EC1ED /* Friends */,
				11AEB8801D71526A004EC1ED /* FriendsTests */,
				11AEB88B1D71526A004EC1ED /* FriendsUITests */,
			);
		};
/* End PBXProject section */

/* Begin PBXResourcesBuildPhase section */
		11AEB86B1D715269004EC1ED /* Resources */ = {
			isa = PBXResourcesBuildPhase;
			buildActionMask = 2147483647;
			files = (
				11AEB87B1D715269004EC1ED /* LaunchScreen.storyboard in Resources */,
				11AEB8781D715269004EC1ED /* Assets.xcassets in Resources */,
				11AEB8761D715269004EC1ED /* Main.storyboard in Resources */,
			);
			runOnlyForDeploymentPostprocessing = 0;
		};
		11AEB87F1D71526A004EC1ED /* Resources */ = {
			isa = PBXResourcesBuildPhase;
			buildActionMask = 2147483647;
			files = (
			);
			runOnlyForDeploymentPostprocessing = 0;
		};
		11AEB88A1D71526A004EC1ED /* Resources */ = {
			isa = PBXResourcesBuildPhase;
			buildActionMask = 2147483647;
			files = (
			);
			runOnlyForDeploymentPostprocessing = 0;
		};
/* End PBXResourcesBuildPhase section */

/* Begin PBXSourcesBuildPhase section */
		11AEB8691D715269004EC1ED /* Sources */ = {
			isa = PBXSourcesBuildPhase;
			buildActionMask = 2147483647;
			files = (
				11304FB41D736FD000860DDE /* RelationPickerViewController.swift in Sources */,
				11AEB8731D715269004EC1ED /* ViewController.swift in Sources */,
				11304FAE1D724B6F00860DDE /* FriendCell.swift in Sources */,
				11304FB01D724E4300860DDE /* FriendDetailsViewController.swift in Sources */,
				11304FA81D7247E500860DDE /* FriendsViewController.swift in Sources */,
				11AEB8711D715269004EC1ED /* AppDelegate.swift in Sources */,
				11304FAC1D72486100860DDE /* SampleData.swift in Sources */,
				11304FAA1D72481600860DDE /* Friend.swift in Sources */,
			);
			runOnlyForDeploymentPostprocessing = 0;
		};
		11AEB87D1D71526A004EC1ED /* Sources */ = {
			isa = PBXSourcesBuildPhase;
			buildActionMask = 2147483647;
			files = (
				11AEB8861D71526A004EC1ED /* FriendsTests.swift in Sources */,
			);
			runOnlyForDeploymentPostprocessing = 0;
		};
		11AEB8881D71526A004EC1ED /* Sources */ = {
			isa = PBXSourcesBuildPhase;
			buildActionMask = 2147483647;
			files = (
				11AEB8911D71526A004EC1ED /* FriendsUITests.swift in Sources */,
			);
			runOnlyForDeploymentPostprocessing = 0;
		};
/* End PBXSourcesBuildPhase section */

/* Begin PBXTargetDependency section */
		11AEB8831D71526A004EC1ED /* PBXTargetDependency */ = {
			isa = PBXTargetDependency;
			target = 11AEB86C1D715269004EC1ED /* Friends */;
			targetProxy = 11AEB8821D71526A004EC1ED /* PBXContainerItemProxy */;
		};
		11AEB88E1D71526A004EC1ED /* PBXTargetDependency */ = {
			isa = PBXTargetDependency;
			target = 11AEB86C1D715269004EC1ED /* Friends */;
			targetProxy = 11AEB88D1D71526A004EC1ED /* PBXContainerItemProxy */;
		};
/* End PBXTargetDependency section */

/* Begin PBXVariantGroup section */
		11AEB8741D715269004EC1ED /* Main.storyboard */ = {
			isa = PBXVariantGroup;
			children = (
				11AEB8751D715269004EC1ED /* Base */,
			);
			name = Main.storyboard;
			sourceTree = "<group>";
		};
		11AEB8791D715269004EC1ED /* LaunchScreen.storyboard */ = {
			isa = PBXVariantGroup;
			children = (
				11AEB87A1D715269004EC1ED /* Base */,
			);
			name = LaunchScreen.storyboard;
			sourceTree = "<group>";
		};
/* End PBXVariantGroup section */

/* Begin XCBuildConfiguration section */
		11AEB8931D71526A004EC1ED /* Debug */ = {
			isa = XCBuildConfiguration;
			buildSettings = {
				ALWAYS_SEARCH_USER_PATHS = NO;
				CLANG_ANALYZER_NONNULL = YES;
				CLANG_CXX_LANGUAGE_STANDARD = "gnu++0x";
				CLANG_CXX_LIBRARY = "libc++";
				CLANG_ENABLE_MODULES = YES;
				CLANG_ENABLE_OBJC_ARC = YES;
				CLANG_WARN_BOOL_CONVERSION = YES;
				CLANG_WARN_CONSTANT_CONVERSION = YES;
				CLANG_WARN_DIRECT_OBJC_ISA_USAGE = YES_ERROR;
				CLANG_WARN_EMPTY_BODY = YES;
				CLANG_WARN_ENUM_CONVERSION = YES;
				CLANG_WARN_INT_CONVERSION = YES;
				CLANG_WARN_OBJC_ROOT_CLASS = YES_ERROR;
				CLANG_WARN_UNREACHABLE_CODE = YES;
				CLANG_WARN__DUPLICATE_METHOD_MATCH = YES;
				"CODE_SIGN_IDENTITY[sdk=iphoneos*]" = "iPhone Developer";
				COPY_PHASE_STRIP = NO;
				DEBUG_INFORMATION_FORMAT = dwarf;
				ENABLE_STRICT_OBJC_MSGSEND = YES;
				ENABLE_TESTABILITY = YES;
				GCC_C_LANGUAGE_STANDARD = gnu99;
				GCC_DYNAMIC_NO_PIC = NO;
				GCC_NO_COMMON_BLOCKS = YES;
				GCC_OPTIMIZATION_LEVEL = 0;
				GCC_PREPROCESSOR_DEFINITIONS = (
					"DEBUG=1",
					"$(inherited)",
				);
				GCC_WARN_64_TO_32_BIT_CONVERSION = YES;
				GCC_WARN_ABOUT_RETURN_TYPE = YES_ERROR;
				GCC_WARN_UNDECLARED_SELECTOR = YES;
				GCC_WARN_UNINITIALIZED_AUTOS = YES_AGGRESSIVE;
				GCC_WARN_UNUSED_FUNCTION = YES;
				GCC_WARN_UNUSED_VARIABLE = YES;
				IPHONEOS_DEPLOYMENT_TARGET = 9.3;
				MTL_ENABLE_DEBUG_INFO = YES;
				ONLY_ACTIVE_ARCH = YES;
				SDKROOT = iphoneos;
				SWIFT_OPTIMIZATION_LEVEL = "-Onone";
			};
			name = Debug;
		};
		11AEB8941D71526A004EC1ED /* Release */ = {
			isa = XCBuildConfiguration;
			buildSettings = {
				ALWAYS_SEARCH_USER_PATHS = NO;
				CLANG_ANALYZER_NONNULL = YES;
				CLANG_CXX_LANGUAGE_STANDARD = "gnu++0x";
				CLANG_CXX_LIBRARY = "libc++";
				CLANG_ENABLE_MODULES = YES;
				CLANG_ENABLE_OBJC_ARC = YES;
				CLANG_WARN_BOOL_CONVERSION = YES;
				CLANG_WARN_CONSTANT_CONVERSION = YES;
				CLANG_WARN_DIRECT_OBJC_ISA_USAGE = YES_ERROR;
				CLANG_WARN_EMPTY_BODY = YES;
				CLANG_WARN_ENUM_CONVERSION = YES;
				CLANG_WARN_INT_CONVERSION = YES;
				CLANG_WARN_OBJC_ROOT_CLASS = YES_ERROR;
				CLANG_WARN_UNREACHABLE_CODE = YES;
				CLANG_WARN__DUPLICATE_METHOD_MATCH = YES;
				"CODE_SIGN_IDENTITY[sdk=iphoneos*]" = "iPhone Developer";
				COPY_PHASE_STRIP = NO;
				DEBUG_INFORMATION_FORMAT = "dwarf-with-dsym";
				ENABLE_NS_ASSERTIONS = NO;
				ENABLE_STRICT_OBJC_MSGSEND = YES;
				GCC_C_LANGUAGE_STANDARD = gnu99;
				GCC_NO_COMMON_BLOCKS = YES;
				GCC_WARN_64_TO_32_BIT_CONVERSION = YES;
				GCC_WARN_ABOUT_RETURN_TYPE = YES_ERROR;
				GCC_WARN_UNDECLARED_SELECTOR = YES;
				GCC_WARN_UNINITIALIZED_AUTOS = YES_AGGRESSIVE;
				GCC_WARN_UNUSED_FUNCTION = YES;
				GCC_WARN_UNUSED_VARIABLE = YES;
				IPHONEOS_DEPLOYMENT_TARGET = 9.3;
				MTL_ENABLE_DEBUG_INFO = NO;
				SDKROOT = iphoneos;
				VALIDATE_PRODUCT = YES;
			};
			name = Release;
		};
		11AEB8961D71526A004EC1ED /* Debug */ = {
			isa = XCBuildConfiguration;
			buildSettings = {
				ASSETCATALOG_COMPILER_APPICON_NAME = AppIcon;
				INFOPLIST_FILE = Friends/Info.plist;
				LD_RUNPATH_SEARCH_PATHS = "$(inherited) @executable_path/Frameworks";
				PRODUCT_BUNDLE_IDENTIFIER = com.nik.Friend;
				PRODUCT_NAME = "$(TARGET_NAME)";
			};
			name = Debug;
		};
		11AEB8971D71526A004EC1ED /* Release */ = {
			isa = XCBuildConfiguration;
			buildSettings = {
				ASSETCATALOG_COMPILER_APPICON_NAME = AppIcon;
				INFOPLIST_FILE = Friends/Info.plist;
				LD_RUNPATH_SEARCH_PATHS = "$(inherited) @executable_path/Frameworks";
				PRODUCT_BUNDLE_IDENTIFIER = com.nik.Friend;
				PRODUCT_NAME = "$(TARGET_NAME)";
			};
			name = Release;
		};
		11AEB8991D71526A004EC1ED /* Debug */ = {
			isa = XCBuildConfiguration;
			buildSettings = {
				BUNDLE_LOADER = "$(TEST_HOST)";
				INFOPLIST_FILE = FriendsTests/Info.plist;
				LD_RUNPATH_SEARCH_PATHS = "$(inherited) @executable_path/Frameworks @loader_path/Frameworks";
				PRODUCT_BUNDLE_IDENTIFIER = com.nik.FriendsTests;
				PRODUCT_NAME = "$(TARGET_NAME)";
				TEST_HOST = "$(BUILT_PRODUCTS_DIR)/Friends.app/Friends";
			};
			name = Debug;
		};
		11AEB89A1D71526A004EC1ED /* Release */ = {
			isa = XCBuildConfiguration;
			buildSettings = {
				BUNDLE_LOADER = "$(TEST_HOST)";
				INFOPLIST_FILE = FriendsTests/Info.plist;
				LD_RUNPATH_SEARCH_PATHS = "$(inherited) @executable_path/Frameworks @loader_path/Frameworks";
				PRODUCT_BUNDLE_IDENTIFIER = com.nik.FriendsTests;
				PRODUCT_NAME = "$(TARGET_NAME)";
				TEST_HOST = "$(BUILT_PRODUCTS_DIR)/Friends.app/Friends";
			};
			name = Release;
		};
		11AEB89C1D71526A004EC1ED /* Debug */ = {
			isa = XCBuildConfiguration;
			buildSettings = {
				INFOPLIST_FILE = FriendsUITests/Info.plist;
				LD_RUNPATH_SEARCH_PATHS = "$(inherited) @executable_path/Frameworks @loader_path/Frameworks";
				PRODUCT_BUNDLE_IDENTIFIER = com.nik.FriendsUITests;
				PRODUCT_NAME = "$(TARGET_NAME)";
				TEST_TARGET_NAME = Friends;
			};
			name = Debug;
		};
		11AEB89D1D71526A004EC1ED /* Release */ = {
			isa = XCBuildConfiguration;
			buildSettings = {
				INFOPLIST_FILE = FriendsUITests/Info.plist;
				LD_RUNPATH_SEARCH_PATHS = "$(inherited) @executable_path/Frameworks @loader_path/Frameworks";
				PRODUCT_BUNDLE_IDENTIFIER = com.nik.FriendsUITests;
				PRODUCT_NAME = "$(TARGET_NAME)";
				TEST_TARGET_NAME = Friends;
			};
			name = Release;
		};
/* End XCBuildConfiguration section */

/* Begin XCConfigurationList section */
		11AEB8681D715269004EC1ED /* Build configuration list for PBXProject "Friend" */ = {
			isa = XCConfigurationList;
			buildConfigurations = (
				11AEB8931D71526A004EC1ED /* Debug */,
				11AEB8941D71526A004EC1ED /* Release */,
			);
			defaultConfigurationIsVisible = 0;
			defaultConfigurationName = Release;
		};
		11AEB8951D71526A004EC1ED /* Build configuration list for PBXNativeTarget "Friends" */ = {
			isa = XCConfigurationList;
			buildConfigurations = (
				11AEB8961D71526A004EC1ED /* Debug */,
				11AEB8971D71526A004EC1ED /* Release */,
			);
			defaultConfigurationIsVisible = 0;
			defaultConfigurationName = Release;
		};
		11AEB8981D71526A004EC1ED /* Build configuration list for PBXNativeTarget "FriendsTests" */ = {
			isa = XCConfigurationList;
			buildConfigurations = (
				11AEB8991D71526A004EC1ED /* Debug */,
				11AEB89A1D71526A004EC1ED /* Release */,
			);
			defaultConfigurationIsVisible = 0;
			defaultConfigurationName = Release;
		};
		11AEB89B1D71526A004EC1ED /* Build configuration list for PBXNativeTarget "FriendsUITests" */ = {
			isa = XCConfigurationList;
			buildConfigurations = (
				11AEB89C1D71526A004EC1ED /* Debug */,
				11AEB89D1D71526A004EC1ED /* Release */,
			);
			defaultConfigurationIsVisible = 0;
			defaultConfigurationName = Release;
		};
/* End XCConfigurationList section */
	};
	rootObject = 11AEB8651D715269004EC1ED /* Project object */;
}
